
Microsoft Visual Studio Solution File, Format Version 12.00
# Visual Studio Version 16
VisualStudioVersion = 16.0.30413.136
MinimumVisualStudioVersion = 10.0.40219.1
Project("{FAE04EC0-301F-11D3-BF4B-00C04F79EFBC}") = "Main", "Main\Main.csproj", "{0A2938E0-AA9B-4033-A4D9-AE9575730705}"
EndProject
Global
	GlobalSection(SolutionConfigurationPlatforms) = preSolution
		Debug|Any CPU = Debug|Any CPU
		Release|Any CPU = Release|Any CPU
	EndGlobalSection
	GlobalSection(ProjectConfigurationPlatforms) = postSolution
		{0A2938E0-AA9B-4033-A4D9-AE9575730705}.Debug|Any CPU.ActiveCfg = Debug|Any CPU
		{0A2938E0-AA9B-4033-A4D9-AE9575730705}.Debug|Any CPU.Build.0 = Debug|Any CPU
		{0A2938E0-AA9B-4033-A4D9-AE9575730705}.Release|Any CPU.ActiveCfg = Release|Any CPU
		{0A2938E0-AA9B-4033-A4D9-AE9575730705}.Release|Any CPU.Build.0 = Release|Any CPU
	EndGlobalSection
	GlobalSection(SolutionProperties) = preSolution
		HideSolutionNode = FALSE
	EndGlobalSection
	GlobalSection(ExtensibilityGlobals) = postSolution
		SolutionGuid = {1870FAFB-A8EE-4E15-BCE1-3ED0397733E6}
	EndGlobalSection
EndGlobal
