
Microsoft Visual Studio Solution File, Format Version 12.00
# Visual Studio Version 16
VisualStudioVersion = 16.0.31624.102
MinimumVisualStudioVersion = 10.0.40219.1
Project("{FAE04EC0-301F-11D3-BF4B-00C04F79EFBC}") = "CoreMVC_WebAPI2", "CoreMVC_WebAPI2\CoreMVC_WebAPI2.csproj", "{7D03D42A-C01D-4DEA-93B5-29CC328ADD2F}"
EndProject
Global
	GlobalSection(SolutionConfigurationPlatforms) = preSolution
		Debug|Any CPU = Debug|Any CPU
		Release|Any CPU = Release|Any CPU
	EndGlobalSection
	GlobalSection(ProjectConfigurationPlatforms) = postSolution
		{7D03D42A-C01D-4DEA-93B5-29CC328ADD2F}.Debug|Any CPU.ActiveCfg = Debug|Any CPU
		{7D03D42A-C01D-4DEA-93B5-29CC328ADD2F}.Debug|Any CPU.Build.0 = Debug|Any CPU
		{7D03D42A-C01D-4DEA-93B5-29CC328ADD2F}.Release|Any CPU.ActiveCfg = Release|Any CPU
		{7D03D42A-C01D-4DEA-93B5-29CC328ADD2F}.Release|Any CPU.Build.0 = Release|Any CPU
	EndGlobalSection
	GlobalSection(SolutionProperties) = preSolution
		HideSolutionNode = FALSE
	EndGlobalSection
	GlobalSection(ExtensibilityGlobals) = postSolution
		SolutionGuid = {BECD1BCC-5861-4BAC-8D89-90BA1CAD9DC8}
	EndGlobalSection
EndGlobal
