
Microsoft Visual Studio Solution File, Format Version 12.00
# Visual Studio Version 16
VisualStudioVersion = 16.0.30011.22
MinimumVisualStudioVersion = 10.0.40219.1
Project("{FAE04EC0-301F-11D3-BF4B-00C04F79EFBC}") = "NP_WebView2", "NP_WebView2\NP_WebView2.csproj", "{7DAE5563-6DED-4257-A070-8A0B8EB71523}"
EndProject
Global
	GlobalSection(SolutionConfigurationPlatforms) = preSolution
		Debug|Any CPU = Debug|Any CPU
		Release|Any CPU = Release|Any CPU
	EndGlobalSection
	GlobalSection(ProjectConfigurationPlatforms) = postSolution
		{7DAE5563-6DED-4257-A070-8A0B8EB71523}.Debug|Any CPU.ActiveCfg = Debug|Any CPU
		{7DAE5563-6DED-4257-A070-8A0B8EB71523}.Debug|Any CPU.Build.0 = Debug|Any CPU
		{7DAE5563-6DED-4257-A070-8A0B8EB71523}.Release|Any CPU.ActiveCfg = Release|Any CPU
		{7DAE5563-6DED-4257-A070-8A0B8EB71523}.Release|Any CPU.Build.0 = Release|Any CPU
	EndGlobalSection
	GlobalSection(SolutionProperties) = preSolution
		HideSolutionNode = FALSE
	EndGlobalSection
	GlobalSection(ExtensibilityGlobals) = postSolution
		SolutionGuid = {070823C3-7510-4422-8803-A96B98B86468}
	EndGlobalSection
EndGlobal
