
Microsoft Visual Studio Solution File, Format Version 12.00
# Visual Studio Version 16
VisualStudioVersion = 16.0.30011.22
MinimumVisualStudioVersion = 10.0.40219.1
Project("{FAE04EC0-301F-11D3-BF4B-00C04F79EFBC}") = "NP_WCF_Service_First", "NP_WCF_Service_First\NP_WCF_Service_First.csproj", "{859D871F-A4F6-4F55-8056-C5515D6CED24}"
EndProject
Global
	GlobalSection(SolutionConfigurationPlatforms) = preSolution
		Debug|Any CPU = Debug|Any CPU
		Release|Any CPU = Release|Any CPU
	EndGlobalSection
	GlobalSection(ProjectConfigurationPlatforms) = postSolution
		{859D871F-A4F6-4F55-8056-C5515D6CED24}.Debug|Any CPU.ActiveCfg = Debug|Any CPU
		{859D871F-A4F6-4F55-8056-C5515D6CED24}.Debug|Any CPU.Build.0 = Debug|Any CPU
		{859D871F-A4F6-4F55-8056-C5515D6CED24}.Release|Any CPU.ActiveCfg = Release|Any CPU
		{859D871F-A4F6-4F55-8056-C5515D6CED24}.Release|Any CPU.Build.0 = Release|Any CPU
	EndGlobalSection
	GlobalSection(SolutionProperties) = preSolution
		HideSolutionNode = FALSE
	EndGlobalSection
	GlobalSection(ExtensibilityGlobals) = postSolution
		SolutionGuid = {FBD8563C-716C-47CE-9652-D383096D722F}
	EndGlobalSection
EndGlobal
