
Microsoft Visual Studio Solution File, Format Version 12.00
# Visual Studio Version 16
VisualStudioVersion = 16.0.30011.22
MinimumVisualStudioVersion = 10.0.40219.1
Project("{FAE04EC0-301F-11D3-BF4B-00C04F79EFBC}") = "CoreMVC_Validation", "CoreMVC_Validation\CoreMVC_Validation.csproj", "{DC75629D-F982-4DBB-9258-073410C1252A}"
EndProject
Global
	GlobalSection(SolutionConfigurationPlatforms) = preSolution
		Debug|Any CPU = Debug|Any CPU
		Release|Any CPU = Release|Any CPU
	EndGlobalSection
	GlobalSection(ProjectConfigurationPlatforms) = postSolution
		{DC75629D-F982-4DBB-9258-073410C1252A}.Debug|Any CPU.ActiveCfg = Debug|Any CPU
		{DC75629D-F982-4DBB-9258-073410C1252A}.Debug|Any CPU.Build.0 = Debug|Any CPU
		{DC75629D-F982-4DBB-9258-073410C1252A}.Release|Any CPU.ActiveCfg = Release|Any CPU
		{DC75629D-F982-4DBB-9258-073410C1252A}.Release|Any CPU.Build.0 = Release|Any CPU
	EndGlobalSection
	GlobalSection(SolutionProperties) = preSolution
		HideSolutionNode = FALSE
	EndGlobalSection
	GlobalSection(ExtensibilityGlobals) = postSolution
		SolutionGuid = {B4B4D953-E902-4E41-85E1-AE4E793320A1}
	EndGlobalSection
EndGlobal
