
Microsoft Visual Studio Solution File, Format Version 12.00
# Visual Studio Version 16
VisualStudioVersion = 16.0.30104.148
MinimumVisualStudioVersion = 10.0.40219.1
Project("{FAE04EC0-301F-11D3-BF4B-00C04F79EFBC}") = "ADO_EF_DatabaseFirst", "ADO_EF_DatabaseFirst\ADO_EF_DatabaseFirst.csproj", "{EC07F7D7-ABC5-4B7A-BC3F-E0F70E106BD2}"
EndProject
Global
	GlobalSection(SolutionConfigurationPlatforms) = preSolution
		Debug|Any CPU = Debug|Any CPU
		Release|Any CPU = Release|Any CPU
	EndGlobalSection
	GlobalSection(ProjectConfigurationPlatforms) = postSolution
		{EC07F7D7-ABC5-4B7A-BC3F-E0F70E106BD2}.Debug|Any CPU.ActiveCfg = Debug|Any CPU
		{EC07F7D7-ABC5-4B7A-BC3F-E0F70E106BD2}.Debug|Any CPU.Build.0 = Debug|Any CPU
		{EC07F7D7-ABC5-4B7A-BC3F-E0F70E106BD2}.Release|Any CPU.ActiveCfg = Release|Any CPU
		{EC07F7D7-ABC5-4B7A-BC3F-E0F70E106BD2}.Release|Any CPU.Build.0 = Release|Any CPU
	EndGlobalSection
	GlobalSection(SolutionProperties) = preSolution
		HideSolutionNode = FALSE
	EndGlobalSection
	GlobalSection(ExtensibilityGlobals) = postSolution
		SolutionGuid = {DD9BEB74-E6B0-468F-82F2-09E6F325EC49}
	EndGlobalSection
EndGlobal
