
Microsoft Visual Studio Solution File, Format Version 12.00
# Visual Studio Version 16
VisualStudioVersion = 16.0.30711.63
MinimumVisualStudioVersion = 10.0.40219.1
Project("{FAE04EC0-301F-11D3-BF4B-00C04F79EFBC}") = "NP_WPF_Client_FaultContract", "NP_WPF_Client_FaultContract\NP_WPF_Client_FaultContract.csproj", "{B92E2137-DFEE-49E0-ACA1-CADFB6B61A91}"
EndProject
Global
	GlobalSection(SolutionConfigurationPlatforms) = preSolution
		Debug|Any CPU = Debug|Any CPU
		Release|Any CPU = Release|Any CPU
	EndGlobalSection
	GlobalSection(ProjectConfigurationPlatforms) = postSolution
		{B92E2137-DFEE-49E0-ACA1-CADFB6B61A91}.Debug|Any CPU.ActiveCfg = Debug|Any CPU
		{B92E2137-DFEE-49E0-ACA1-CADFB6B61A91}.Debug|Any CPU.Build.0 = Debug|Any CPU
		{B92E2137-DFEE-49E0-ACA1-CADFB6B61A91}.Release|Any CPU.ActiveCfg = Release|Any CPU
		{B92E2137-DFEE-49E0-ACA1-CADFB6B61A91}.Release|Any CPU.Build.0 = Release|Any CPU
	EndGlobalSection
	GlobalSection(SolutionProperties) = preSolution
		HideSolutionNode = FALSE
	EndGlobalSection
	GlobalSection(ExtensibilityGlobals) = postSolution
		SolutionGuid = {A85E83CE-BE6A-41F8-9F37-23E978366859}
	EndGlobalSection
EndGlobal
