
Microsoft Visual Studio Solution File, Format Version 12.00
# Visual Studio Version 16
VisualStudioVersion = 16.0.30104.148
MinimumVisualStudioVersion = 10.0.40219.1
Project("{FAE04EC0-301F-11D3-BF4B-00C04F79EFBC}") = "ADO_WF_LinqToSQL", "ADO_WF_LinqToSQL\ADO_WF_LinqToSQL.csproj", "{8D6C8702-448D-439E-BD51-6464406878F4}"
EndProject
Global
	GlobalSection(SolutionConfigurationPlatforms) = preSolution
		Debug|Any CPU = Debug|Any CPU
		Release|Any CPU = Release|Any CPU
	EndGlobalSection
	GlobalSection(ProjectConfigurationPlatforms) = postSolution
		{8D6C8702-448D-439E-BD51-6464406878F4}.Debug|Any CPU.ActiveCfg = Debug|Any CPU
		{8D6C8702-448D-439E-BD51-6464406878F4}.Debug|Any CPU.Build.0 = Debug|Any CPU
		{8D6C8702-448D-439E-BD51-6464406878F4}.Release|Any CPU.ActiveCfg = Release|Any CPU
		{8D6C8702-448D-439E-BD51-6464406878F4}.Release|Any CPU.Build.0 = Release|Any CPU
	EndGlobalSection
	GlobalSection(SolutionProperties) = preSolution
		HideSolutionNode = FALSE
	EndGlobalSection
	GlobalSection(ExtensibilityGlobals) = postSolution
		SolutionGuid = {789BAE68-5493-4871-93EC-F983D3132FD0}
	EndGlobalSection
EndGlobal
