
Microsoft Visual Studio Solution File, Format Version 12.00
# Visual Studio Version 16
VisualStudioVersion = 16.0.30104.148
MinimumVisualStudioVersion = 10.0.40219.1
Project("{FAE04EC0-301F-11D3-BF4B-00C04F79EFBC}") = "SP_Process", "SP_Process\SP_Process.csproj", "{488F232D-7BFE-4C60-AA8A-545BA3B0AFAA}"
EndProject
Global
	GlobalSection(SolutionConfigurationPlatforms) = preSolution
		Debug|Any CPU = Debug|Any CPU
		Release|Any CPU = Release|Any CPU
	EndGlobalSection
	GlobalSection(ProjectConfigurationPlatforms) = postSolution
		{488F232D-7BFE-4C60-AA8A-545BA3B0AFAA}.Debug|Any CPU.ActiveCfg = Debug|Any CPU
		{488F232D-7BFE-4C60-AA8A-545BA3B0AFAA}.Debug|Any CPU.Build.0 = Debug|Any CPU
		{488F232D-7BFE-4C60-AA8A-545BA3B0AFAA}.Release|Any CPU.ActiveCfg = Release|Any CPU
		{488F232D-7BFE-4C60-AA8A-545BA3B0AFAA}.Release|Any CPU.Build.0 = Release|Any CPU
	EndGlobalSection
	GlobalSection(SolutionProperties) = preSolution
		HideSolutionNode = FALSE
	EndGlobalSection
	GlobalSection(ExtensibilityGlobals) = postSolution
		SolutionGuid = {260EEF94-C71D-4A33-96C3-1E4767972CBC}
	EndGlobalSection
EndGlobal
