
Microsoft Visual Studio Solution File, Format Version 12.00
# Visual Studio Version 16
VisualStudioVersion = 16.0.30104.148
MinimumVisualStudioVersion = 10.0.40219.1
Project("{FAE04EC0-301F-11D3-BF4B-00C04F79EFBC}") = "CS_XmlDOM", "CS_XmlDOM\CS_XmlDOM.csproj", "{684B4D57-E9E9-4823-9372-525427A31D9F}"
EndProject
Global
	GlobalSection(SolutionConfigurationPlatforms) = preSolution
		Debug|Any CPU = Debug|Any CPU
		Release|Any CPU = Release|Any CPU
	EndGlobalSection
	GlobalSection(ProjectConfigurationPlatforms) = postSolution
		{684B4D57-E9E9-4823-9372-525427A31D9F}.Debug|Any CPU.ActiveCfg = Debug|Any CPU
		{684B4D57-E9E9-4823-9372-525427A31D9F}.Debug|Any CPU.Build.0 = Debug|Any CPU
		{684B4D57-E9E9-4823-9372-525427A31D9F}.Release|Any CPU.ActiveCfg = Release|Any CPU
		{684B4D57-E9E9-4823-9372-525427A31D9F}.Release|Any CPU.Build.0 = Release|Any CPU
	EndGlobalSection
	GlobalSection(SolutionProperties) = preSolution
		HideSolutionNode = FALSE
	EndGlobalSection
	GlobalSection(ExtensibilityGlobals) = postSolution
		SolutionGuid = {86735CEA-00E9-4832-94F3-00CC45A7EE50}
	EndGlobalSection
EndGlobal
