
Microsoft Visual Studio Solution File, Format Version 12.00
# Visual Studio Version 16
VisualStudioVersion = 16.0.31613.86
MinimumVisualStudioVersion = 10.0.40219.1
Project("{FAE04EC0-301F-11D3-BF4B-00C04F79EFBC}") = "Main", "Main\Main.csproj", "{39166856-F1CE-4A07-89CD-EB63919ECEB1}"
EndProject
Global
	GlobalSection(SolutionConfigurationPlatforms) = preSolution
		Debug|Any CPU = Debug|Any CPU
		Release|Any CPU = Release|Any CPU
	EndGlobalSection
	GlobalSection(ProjectConfigurationPlatforms) = postSolution
		{39166856-F1CE-4A07-89CD-EB63919ECEB1}.Debug|Any CPU.ActiveCfg = Debug|Any CPU
		{39166856-F1CE-4A07-89CD-EB63919ECEB1}.Debug|Any CPU.Build.0 = Debug|Any CPU
		{39166856-F1CE-4A07-89CD-EB63919ECEB1}.Release|Any CPU.ActiveCfg = Release|Any CPU
		{39166856-F1CE-4A07-89CD-EB63919ECEB1}.Release|Any CPU.Build.0 = Release|Any CPU
	EndGlobalSection
	GlobalSection(SolutionProperties) = preSolution
		HideSolutionNode = FALSE
	EndGlobalSection
	GlobalSection(ExtensibilityGlobals) = postSolution
		SolutionGuid = {D58B9E50-3373-4062-B0D7-C66808A800A1}
	EndGlobalSection
EndGlobal
