
Microsoft Visual Studio Solution File, Format Version 12.00
# Visual Studio Version 16
VisualStudioVersion = 16.0.30011.22
MinimumVisualStudioVersion = 10.0.40219.1
Project("{FAE04EC0-301F-11D3-BF4B-00C04F79EFBC}") = "WinForms_First", "WinForms_First\WinForms_First.csproj", "{3C335FE0-D4CA-4F95-A935-192CF242537B}"
EndProject
Global
	GlobalSection(SolutionConfigurationPlatforms) = preSolution
		Debug|Any CPU = Debug|Any CPU
		Release|Any CPU = Release|Any CPU
	EndGlobalSection
	GlobalSection(ProjectConfigurationPlatforms) = postSolution
		{3C335FE0-D4CA-4F95-A935-192CF242537B}.Debug|Any CPU.ActiveCfg = Debug|Any CPU
		{3C335FE0-D4CA-4F95-A935-192CF242537B}.Debug|Any CPU.Build.0 = Debug|Any CPU
		{3C335FE0-D4CA-4F95-A935-192CF242537B}.Release|Any CPU.ActiveCfg = Release|Any CPU
		{3C335FE0-D4CA-4F95-A935-192CF242537B}.Release|Any CPU.Build.0 = Release|Any CPU
	EndGlobalSection
	GlobalSection(SolutionProperties) = preSolution
		HideSolutionNode = FALSE
	EndGlobalSection
	GlobalSection(ExtensibilityGlobals) = postSolution
		SolutionGuid = {FB971D49-C35F-4566-B3B1-12BAC3F24B40}
	EndGlobalSection
EndGlobal
