
Microsoft Visual Studio Solution File, Format Version 12.00
# Visual Studio Version 16
VisualStudioVersion = 16.0.30011.22
MinimumVisualStudioVersion = 10.0.40219.1
Project("{FAE04EC0-301F-11D3-BF4B-00C04F79EFBC}") = "CoreMVC_DatabaseFirst2", "CoreMVC_DatabaseFirst2\CoreMVC_DatabaseFirst2.csproj", "{977D5DB0-5E90-44D6-8A2A-1971222EEBCD}"
EndProject
Global
	GlobalSection(SolutionConfigurationPlatforms) = preSolution
		Debug|Any CPU = Debug|Any CPU
		Release|Any CPU = Release|Any CPU
	EndGlobalSection
	GlobalSection(ProjectConfigurationPlatforms) = postSolution
		{977D5DB0-5E90-44D6-8A2A-1971222EEBCD}.Debug|Any CPU.ActiveCfg = Debug|Any CPU
		{977D5DB0-5E90-44D6-8A2A-1971222EEBCD}.Debug|Any CPU.Build.0 = Debug|Any CPU
		{977D5DB0-5E90-44D6-8A2A-1971222EEBCD}.Release|Any CPU.ActiveCfg = Release|Any CPU
		{977D5DB0-5E90-44D6-8A2A-1971222EEBCD}.Release|Any CPU.Build.0 = Release|Any CPU
	EndGlobalSection
	GlobalSection(SolutionProperties) = preSolution
		HideSolutionNode = FALSE
	EndGlobalSection
	GlobalSection(ExtensibilityGlobals) = postSolution
		SolutionGuid = {C4425530-EF6C-4565-979C-75B02B5BA1CF}
	EndGlobalSection
EndGlobal
