
Microsoft Visual Studio Solution File, Format Version 12.00
# Visual Studio Version 16
VisualStudioVersion = 16.0.30104.148
MinimumVisualStudioVersion = 10.0.40219.1
Project("{FAE04EC0-301F-11D3-BF4B-00C04F79EFBC}") = "SP_Async_Method", "SP_Async_Method\SP_Async_Method.csproj", "{583E3542-EBBA-477D-8261-804CDF05909E}"
EndProject
Global
	GlobalSection(SolutionConfigurationPlatforms) = preSolution
		Debug|Any CPU = Debug|Any CPU
		Release|Any CPU = Release|Any CPU
	EndGlobalSection
	GlobalSection(ProjectConfigurationPlatforms) = postSolution
		{583E3542-EBBA-477D-8261-804CDF05909E}.Debug|Any CPU.ActiveCfg = Debug|Any CPU
		{583E3542-EBBA-477D-8261-804CDF05909E}.Debug|Any CPU.Build.0 = Debug|Any CPU
		{583E3542-EBBA-477D-8261-804CDF05909E}.Release|Any CPU.ActiveCfg = Release|Any CPU
		{583E3542-EBBA-477D-8261-804CDF05909E}.Release|Any CPU.Build.0 = Release|Any CPU
	EndGlobalSection
	GlobalSection(SolutionProperties) = preSolution
		HideSolutionNode = FALSE
	EndGlobalSection
	GlobalSection(ExtensibilityGlobals) = postSolution
		SolutionGuid = {8F1D9388-B102-40DB-8A72-B317C338E1E6}
	EndGlobalSection
EndGlobal
