
Microsoft Visual Studio Solution File, Format Version 12.00
# Visual Studio Version 16
VisualStudioVersion = 16.0.30011.22
MinimumVisualStudioVersion = 10.0.40219.1
Project("{FAE04EC0-301F-11D3-BF4B-00C04F79EFBC}") = "WPF_First", "WPF_First\WPF_First.csproj", "{036FA20F-BE2D-4564-9877-D7BFC9AA1D26}"
EndProject
Global
	GlobalSection(SolutionConfigurationPlatforms) = preSolution
		Debug|Any CPU = Debug|Any CPU
		Release|Any CPU = Release|Any CPU
	EndGlobalSection
	GlobalSection(ProjectConfigurationPlatforms) = postSolution
		{036FA20F-BE2D-4564-9877-D7BFC9AA1D26}.Debug|Any CPU.ActiveCfg = Debug|Any CPU
		{036FA20F-BE2D-4564-9877-D7BFC9AA1D26}.Debug|Any CPU.Build.0 = Debug|Any CPU
		{036FA20F-BE2D-4564-9877-D7BFC9AA1D26}.Release|Any CPU.ActiveCfg = Release|Any CPU
		{036FA20F-BE2D-4564-9877-D7BFC9AA1D26}.Release|Any CPU.Build.0 = Release|Any CPU
	EndGlobalSection
	GlobalSection(SolutionProperties) = preSolution
		HideSolutionNode = FALSE
	EndGlobalSection
	GlobalSection(ExtensibilityGlobals) = postSolution
		SolutionGuid = {08101BD3-F733-4E40-941E-9A7BBFFA0DC6}
	EndGlobalSection
EndGlobal
