
Microsoft Visual Studio Solution File, Format Version 12.00
# Visual Studio Version 16
VisualStudioVersion = 16.0.30711.63
MinimumVisualStudioVersion = 10.0.40219.1
Project("{FAE04EC0-301F-11D3-BF4B-00C04F79EFBC}") = "NP_WPF_Sockets", "NP_WPF_Sockets\NP_WPF_Sockets.csproj", "{55526472-B5A6-4813-99CA-343BF2F900AF}"
EndProject
Global
	GlobalSection(SolutionConfigurationPlatforms) = preSolution
		Debug|Any CPU = Debug|Any CPU
		Release|Any CPU = Release|Any CPU
	EndGlobalSection
	GlobalSection(ProjectConfigurationPlatforms) = postSolution
		{55526472-B5A6-4813-99CA-343BF2F900AF}.Debug|Any CPU.ActiveCfg = Debug|Any CPU
		{55526472-B5A6-4813-99CA-343BF2F900AF}.Debug|Any CPU.Build.0 = Debug|Any CPU
		{55526472-B5A6-4813-99CA-343BF2F900AF}.Release|Any CPU.ActiveCfg = Release|Any CPU
		{55526472-B5A6-4813-99CA-343BF2F900AF}.Release|Any CPU.Build.0 = Release|Any CPU
	EndGlobalSection
	GlobalSection(SolutionProperties) = preSolution
		HideSolutionNode = FALSE
	EndGlobalSection
	GlobalSection(ExtensibilityGlobals) = postSolution
		SolutionGuid = {61E4B911-2EB2-4033-8DB2-E611B72AC9C6}
	EndGlobalSection
EndGlobal
