
Microsoft Visual Studio Solution File, Format Version 12.00
# Visual Studio Version 16
VisualStudioVersion = 16.0.30413.136
MinimumVisualStudioVersion = 10.0.40219.1
Project("{FAE04EC0-301F-11D3-BF4B-00C04F79EFBC}") = "Main", "Main\Main.csproj", "{598351E3-E605-4CF8-9CD3-B6AD75D86FA2}"
EndProject
Global
	GlobalSection(SolutionConfigurationPlatforms) = preSolution
		Debug|Any CPU = Debug|Any CPU
		Release|Any CPU = Release|Any CPU
	EndGlobalSection
	GlobalSection(ProjectConfigurationPlatforms) = postSolution
		{598351E3-E605-4CF8-9CD3-B6AD75D86FA2}.Debug|Any CPU.ActiveCfg = Debug|Any CPU
		{598351E3-E605-4CF8-9CD3-B6AD75D86FA2}.Debug|Any CPU.Build.0 = Debug|Any CPU
		{598351E3-E605-4CF8-9CD3-B6AD75D86FA2}.Release|Any CPU.ActiveCfg = Release|Any CPU
		{598351E3-E605-4CF8-9CD3-B6AD75D86FA2}.Release|Any CPU.Build.0 = Release|Any CPU
	EndGlobalSection
	GlobalSection(SolutionProperties) = preSolution
		HideSolutionNode = FALSE
	EndGlobalSection
	GlobalSection(ExtensibilityGlobals) = postSolution
		SolutionGuid = {821F0FFA-9D5D-442A-A19D-C95CC1021A21}
	EndGlobalSection
EndGlobal
