
Microsoft Visual Studio Solution File, Format Version 12.00
# Visual Studio Version 16
VisualStudioVersion = 16.0.31005.135
MinimumVisualStudioVersion = 10.0.40219.1
Project("{FAE04EC0-301F-11D3-BF4B-00C04F79EFBC}") = "Main", "Main\Main.csproj", "{7921CFF3-56A7-4316-B9C6-FD669312F6CD}"
EndProject
Global
	GlobalSection(SolutionConfigurationPlatforms) = preSolution
		Debug|Any CPU = Debug|Any CPU
		Release|Any CPU = Release|Any CPU
	EndGlobalSection
	GlobalSection(ProjectConfigurationPlatforms) = postSolution
		{7921CFF3-56A7-4316-B9C6-FD669312F6CD}.Debug|Any CPU.ActiveCfg = Debug|Any CPU
		{7921CFF3-56A7-4316-B9C6-FD669312F6CD}.Debug|Any CPU.Build.0 = Debug|Any CPU
		{7921CFF3-56A7-4316-B9C6-FD669312F6CD}.Release|Any CPU.ActiveCfg = Release|Any CPU
		{7921CFF3-56A7-4316-B9C6-FD669312F6CD}.Release|Any CPU.Build.0 = Release|Any CPU
	EndGlobalSection
	GlobalSection(SolutionProperties) = preSolution
		HideSolutionNode = FALSE
	EndGlobalSection
	GlobalSection(ExtensibilityGlobals) = postSolution
		SolutionGuid = {E7967F45-B8A1-4181-93DF-52734BC73719}
	EndGlobalSection
EndGlobal
