
Microsoft Visual Studio Solution File, Format Version 12.00
# Visual Studio Version 16
VisualStudioVersion = 16.0.30413.136
MinimumVisualStudioVersion = 10.0.40219.1
Project("{FAE04EC0-301F-11D3-BF4B-00C04F79EFBC}") = "Main", "Main\Main.csproj", "{3D6BD63B-005D-40A5-B537-FEBFE42A7BB1}"
EndProject
Global
	GlobalSection(SolutionConfigurationPlatforms) = preSolution
		Debug|Any CPU = Debug|Any CPU
		Release|Any CPU = Release|Any CPU
	EndGlobalSection
	GlobalSection(ProjectConfigurationPlatforms) = postSolution
		{3D6BD63B-005D-40A5-B537-FEBFE42A7BB1}.Debug|Any CPU.ActiveCfg = Debug|Any CPU
		{3D6BD63B-005D-40A5-B537-FEBFE42A7BB1}.Debug|Any CPU.Build.0 = Debug|Any CPU
		{3D6BD63B-005D-40A5-B537-FEBFE42A7BB1}.Release|Any CPU.ActiveCfg = Release|Any CPU
		{3D6BD63B-005D-40A5-B537-FEBFE42A7BB1}.Release|Any CPU.Build.0 = Release|Any CPU
	EndGlobalSection
	GlobalSection(SolutionProperties) = preSolution
		HideSolutionNode = FALSE
	EndGlobalSection
	GlobalSection(ExtensibilityGlobals) = postSolution
		SolutionGuid = {B646E54E-7B8A-4521-B7D5-81AB7863B11C}
	EndGlobalSection
EndGlobal
