
Microsoft Visual Studio Solution File, Format Version 12.00
# Visual Studio Version 16
VisualStudioVersion = 16.0.30104.148
MinimumVisualStudioVersion = 10.0.40219.1
Project("{FAE04EC0-301F-11D3-BF4B-00C04F79EFBC}") = "CS_XmlWriter", "CS_XmlWriter\CS_XmlWriter.csproj", "{9CE592CB-4CE2-40B3-9527-94AF2C614F83}"
EndProject
Global
	GlobalSection(SolutionConfigurationPlatforms) = preSolution
		Debug|Any CPU = Debug|Any CPU
		Release|Any CPU = Release|Any CPU
	EndGlobalSection
	GlobalSection(ProjectConfigurationPlatforms) = postSolution
		{9CE592CB-4CE2-40B3-9527-94AF2C614F83}.Debug|Any CPU.ActiveCfg = Debug|Any CPU
		{9CE592CB-4CE2-40B3-9527-94AF2C614F83}.Debug|Any CPU.Build.0 = Debug|Any CPU
		{9CE592CB-4CE2-40B3-9527-94AF2C614F83}.Release|Any CPU.ActiveCfg = Release|Any CPU
		{9CE592CB-4CE2-40B3-9527-94AF2C614F83}.Release|Any CPU.Build.0 = Release|Any CPU
	EndGlobalSection
	GlobalSection(SolutionProperties) = preSolution
		HideSolutionNode = FALSE
	EndGlobalSection
	GlobalSection(ExtensibilityGlobals) = postSolution
		SolutionGuid = {053C7C69-6BCD-47DA-AEB6-EDBD2FF27EFF}
	EndGlobalSection
EndGlobal
