
Microsoft Visual Studio Solution File, Format Version 12.00
# Visual Studio Version 16
VisualStudioVersion = 16.0.30011.22
MinimumVisualStudioVersion = 10.0.40219.1
Project("{FAE04EC0-301F-11D3-BF4B-00C04F79EFBC}") = "CS_LinkedList", "CS_LinkedList\CS_LinkedList.csproj", "{8B81A536-65FF-4D1A-A056-80F2564F0807}"
EndProject
Global
	GlobalSection(SolutionConfigurationPlatforms) = preSolution
		Debug|Any CPU = Debug|Any CPU
		Release|Any CPU = Release|Any CPU
	EndGlobalSection
	GlobalSection(ProjectConfigurationPlatforms) = postSolution
		{8B81A536-65FF-4D1A-A056-80F2564F0807}.Debug|Any CPU.ActiveCfg = Debug|Any CPU
		{8B81A536-65FF-4D1A-A056-80F2564F0807}.Debug|Any CPU.Build.0 = Debug|Any CPU
		{8B81A536-65FF-4D1A-A056-80F2564F0807}.Release|Any CPU.ActiveCfg = Release|Any CPU
		{8B81A536-65FF-4D1A-A056-80F2564F0807}.Release|Any CPU.Build.0 = Release|Any CPU
	EndGlobalSection
	GlobalSection(SolutionProperties) = preSolution
		HideSolutionNode = FALSE
	EndGlobalSection
	GlobalSection(ExtensibilityGlobals) = postSolution
		SolutionGuid = {E8484208-CA22-4CAE-8AF2-AB438FA224F2}
	EndGlobalSection
EndGlobal
