
Microsoft Visual Studio Solution File, Format Version 12.00
# Visual Studio Version 16
VisualStudioVersion = 16.0.30104.148
MinimumVisualStudioVersion = 10.0.40219.1
Project("{FAE04EC0-301F-11D3-BF4B-00C04F79EFBC}") = "WPF_DataGrid", "WPF_DataGrid\WPF_DataGrid.csproj", "{15640DB8-C4AC-4C56-A8BC-4DE2AEB205C7}"
EndProject
Global
	GlobalSection(SolutionConfigurationPlatforms) = preSolution
		Debug|Any CPU = Debug|Any CPU
		Release|Any CPU = Release|Any CPU
	EndGlobalSection
	GlobalSection(ProjectConfigurationPlatforms) = postSolution
		{15640DB8-C4AC-4C56-A8BC-4DE2AEB205C7}.Debug|Any CPU.ActiveCfg = Debug|Any CPU
		{15640DB8-C4AC-4C56-A8BC-4DE2AEB205C7}.Debug|Any CPU.Build.0 = Debug|Any CPU
		{15640DB8-C4AC-4C56-A8BC-4DE2AEB205C7}.Release|Any CPU.ActiveCfg = Release|Any CPU
		{15640DB8-C4AC-4C56-A8BC-4DE2AEB205C7}.Release|Any CPU.Build.0 = Release|Any CPU
	EndGlobalSection
	GlobalSection(SolutionProperties) = preSolution
		HideSolutionNode = FALSE
	EndGlobalSection
	GlobalSection(ExtensibilityGlobals) = postSolution
		SolutionGuid = {11E1FD60-4E55-44EA-BC80-A4BD925137FB}
	EndGlobalSection
EndGlobal
